
Microsoft Visual Studio Solution File, Format Version 12.00
# Visual Studio Version 16
VisualStudioVersion = 16.0.30907.101
MinimumVisualStudioVersion = 10.0.40219.1
Project("{FAE04EC0-301F-11D3-BF4B-00C04F79EFBC}") = "PlanoPasirinkimas", "PlanoPasirinkimas\PlanoPasirinkimas.csproj", "{CCB2BA76-EF4B-453C-8737-84A1FBC9BF7B}"
EndProject
Global
	GlobalSection(SolutionConfigurationPlatforms) = preSolution
		Debug|Any CPU = Debug|Any CPU
		Release|Any CPU = Release|Any CPU
	EndGlobalSection
	GlobalSection(ProjectConfigurationPlatforms) = postSolution
		{CCB2BA76-EF4B-453C-8737-84A1FBC9BF7B}.Debug|Any CPU.ActiveCfg = Debug|Any CPU
		{CCB2BA76-EF4B-453C-8737-84A1FBC9BF7B}.Debug|Any CPU.Build.0 = Debug|Any CPU
		{CCB2BA76-EF4B-453C-8737-84A1FBC9BF7B}.Release|Any CPU.ActiveCfg = Release|Any CPU
		{CCB2BA76-EF4B-453C-8737-84A1FBC9BF7B}.Release|Any CPU.Build.0 = Release|Any CPU
	EndGlobalSection
	GlobalSection(SolutionProperties) = preSolution
		HideSolutionNode = FALSE
	EndGlobalSection
	GlobalSection(ExtensibilityGlobals) = postSolution
		SolutionGuid = {588B7FC6-3998-4A2A-960F-B61BF747D194}
	EndGlobalSection
EndGlobal
